
Microsoft Visual Studio Solution File, Format Version 12.00
# Visual Studio Version 17
VisualStudioVersion = 17.8.34112.27
MinimumVisualStudioVersion = 10.0.40219.1
Project("{2150E333-8FDC-42A3-9474-1A3956D46DE8}") = "Solution Items", "Solution Items", "{1A3C129B-1F8D-4DB6-8E56-41323C9C2EF0}"
	ProjectSection(SolutionItems) = preProject
		.editorconfig = .editorconfig
		.gitattributes = .gitattributes
		.gitignore = .gitignore
		README.md = README.md
	EndProjectSection
EndProject
Project("{FAE04EC0-301F-11D3-BF4B-00C04F79EFBC}") = "MassTransit.Extensions.Module", "MassTransit.Extensions.Module\MassTransit.Extensions.Module.csproj", "{123EFC72-6333-44F7-9059-0A37EA8EDBA1}"
EndProject
Global
	GlobalSection(SolutionConfigurationPlatforms) = preSolution
		Debug|Any CPU = Debug|Any CPU
		Release|Any CPU = Release|Any CPU
	EndGlobalSection
	GlobalSection(ProjectConfigurationPlatforms) = postSolution
		{123EFC72-6333-44F7-9059-0A37EA8EDBA1}.Debug|Any CPU.ActiveCfg = Debug|Any CPU
		{123EFC72-6333-44F7-9059-0A37EA8EDBA1}.Debug|Any CPU.Build.0 = Debug|Any CPU
		{123EFC72-6333-44F7-9059-0A37EA8EDBA1}.Release|Any CPU.ActiveCfg = Release|Any CPU
		{123EFC72-6333-44F7-9059-0A37EA8EDBA1}.Release|Any CPU.Build.0 = Release|Any CPU
	EndGlobalSection
	GlobalSection(SolutionProperties) = preSolution
		HideSolutionNode = FALSE
	EndGlobalSection
	GlobalSection(ExtensibilityGlobals) = postSolution
		SolutionGuid = {54BF09C4-FBF5-47D8-9B36-A389E13C6E2D}
	EndGlobalSection
EndGlobal
